
Microsoft Visual Studio Solution File, Format Version 12.00
Project("{FAE04EC0-301F-11D3-BF4B-00C04F79EFBC}") = "PatronesDeDiseño", "PatronesDeDiseño\PatronesDeDiseño.csproj", "{B62CE993-75AF-47C7-A83E-E8F5BE1F583B}"
EndProject
Global
	GlobalSection(SolutionConfigurationPlatforms) = preSolution
		Debug|Any CPU = Debug|Any CPU
		Release|Any CPU = Release|Any CPU
	EndGlobalSection
	GlobalSection(ProjectConfigurationPlatforms) = postSolution
		{B62CE993-75AF-47C7-A83E-E8F5BE1F583B}.Debug|Any CPU.ActiveCfg = Debug|Any CPU
		{B62CE993-75AF-47C7-A83E-E8F5BE1F583B}.Debug|Any CPU.Build.0 = Debug|Any CPU
		{B62CE993-75AF-47C7-A83E-E8F5BE1F583B}.Release|Any CPU.ActiveCfg = Release|Any CPU
		{B62CE993-75AF-47C7-A83E-E8F5BE1F583B}.Release|Any CPU.Build.0 = Release|Any CPU
	EndGlobalSection
EndGlobal
